
Microsoft Visual Studio Solution File, Format Version 12.00
# Visual Studio Version 16
VisualStudioVersion = 16.0.32630.194
MinimumVisualStudioVersion = 10.0.40219.1
Project("{FAE04EC0-301F-11D3-BF4B-00C04F79EFBC}") = "PresVotAdminca", "PresVotAdminca.csproj", "{C7234AE1-0352-43E6-A1B5-7C3E676D107E}"
EndProject
Global
	GlobalSection(SolutionConfigurationPlatforms) = preSolution
		Debug|Any CPU = Debug|Any CPU
		Release|Any CPU = Release|Any CPU
	EndGlobalSection
	GlobalSection(ProjectConfigurationPlatforms) = postSolution
		{C7234AE1-0352-43E6-A1B5-7C3E676D107E}.Debug|Any CPU.ActiveCfg = Debug|Any CPU
		{C7234AE1-0352-43E6-A1B5-7C3E676D107E}.Debug|Any CPU.Build.0 = Debug|Any CPU
		{C7234AE1-0352-43E6-A1B5-7C3E676D107E}.Release|Any CPU.ActiveCfg = Release|Any CPU
		{C7234AE1-0352-43E6-A1B5-7C3E676D107E}.Release|Any CPU.Build.0 = Release|Any CPU
	EndGlobalSection
	GlobalSection(SolutionProperties) = preSolution
		HideSolutionNode = FALSE
	EndGlobalSection
	GlobalSection(ExtensibilityGlobals) = postSolution
		SolutionGuid = {E637AB7D-5EED-4524-A275-6C70CCF26E71}
	EndGlobalSection
EndGlobal
